
Microsoft Visual Studio Solution File, Format Version 12.00
# Visual Studio 15
Project("{FAE04EC0-301F-11D3-BF4B-00C04F79EFBC}") = "Meta.WitAi.Conduit", "Meta.WitAi.Conduit.csproj", "{154E895B-CD56-AAED-84DB-D1F612F6F395}"
EndProject
Project("{FAE04EC0-301F-11D3-BF4B-00C04F79EFBC}") = "Oculus.VR", "Oculus.VR.csproj", "{AC8E46A4-1C30-E157-3842-2837BA13DAAB}"
EndProject
Project("{FAE04EC0-301F-11D3-BF4B-00C04F79EFBC}") = "Oculus.Interaction", "Oculus.Interaction.csproj", "{A2E89B70-9584-F9E8-79A7-E2FCCFB50767}"
EndProject
Project("{FAE04EC0-301F-11D3-BF4B-00C04F79EFBC}") = "Oculus.Interaction.Editor", "Oculus.Interaction.Editor.csproj", "{35837536-D21E-FCF2-C881-193AAF3D30C9}"
EndProject
Project("{FAE04EC0-301F-11D3-BF4B-00C04F79EFBC}") = "Oculus.Platform", "Oculus.Platform.csproj", "{CC05AE2B-466B-B0E3-0BE1-17FB7E776A0C}"
EndProject
Project("{FAE04EC0-301F-11D3-BF4B-00C04F79EFBC}") = "VoiceSDK.Telemetry", "VoiceSDK.Telemetry.csproj", "{6EA09273-6BD7-88B3-F955-245427040EDE}"
EndProject
Project("{FAE04EC0-301F-11D3-BF4B-00C04F79EFBC}") = "Assembly-CSharp", "Assembly-CSharp.csproj", "{76FDB378-CD05-7D96-D55F-171234A471E5}"
EndProject
Project("{FAE04EC0-301F-11D3-BF4B-00C04F79EFBC}") = "Oculus.Interaction.OVR.Samples", "Oculus.Interaction.OVR.Samples.csproj", "{E038E5D8-69A4-AA77-0EF5-3B6578C4A897}"
EndProject
Project("{FAE04EC0-301F-11D3-BF4B-00C04F79EFBC}") = "Meta.WitAi.Lib", "Meta.WitAi.Lib.csproj", "{87177928-6527-CA4A-CAAC-D32A755E704D}"
EndProject
Project("{FAE04EC0-301F-11D3-BF4B-00C04F79EFBC}") = "Meta.WitAi.Editor", "Meta.WitAi.Editor.csproj", "{1F9C4BEC-A588-D9B9-B4ED-817707364C3D}"
EndProject
Project("{FAE04EC0-301F-11D3-BF4B-00C04F79EFBC}") = "Meta.WitAi.Conduit.Editor", "Meta.WitAi.Conduit.Editor.csproj", "{DB1AA8E1-F98A-66E4-D811-E5349AE31A19}"
EndProject
Project("{FAE04EC0-301F-11D3-BF4B-00C04F79EFBC}") = "Meta.WitAi", "Meta.WitAi.csproj", "{DD5C9AFD-D916-81D0-52F6-8493432738E5}"
EndProject
Project("{FAE04EC0-301F-11D3-BF4B-00C04F79EFBC}") = "Oculus.VR.Editor", "Oculus.VR.Editor.csproj", "{AF7B3F80-ED03-0C8E-A8B3-90BAE1718BE4}"
EndProject
Project("{FAE04EC0-301F-11D3-BF4B-00C04F79EFBC}") = "Oculus.Interaction.OVR.Editor", "Oculus.Interaction.OVR.Editor.csproj", "{8C6F6891-B8AB-674B-DF3F-07F7897EACCD}"
EndProject
Project("{FAE04EC0-301F-11D3-BF4B-00C04F79EFBC}") = "Oculus.LipSync", "Oculus.LipSync.csproj", "{55F97683-83A7-AEAF-2F40-1CAD20D8FBEE}"
EndProject
Project("{FAE04EC0-301F-11D3-BF4B-00C04F79EFBC}") = "Oculus.Interaction.OVR", "Oculus.Interaction.OVR.csproj", "{59A6FCCA-0316-C298-F8BD-F710799CED28}"
EndProject
Project("{FAE04EC0-301F-11D3-BF4B-00C04F79EFBC}") = "VoiceSDK.Editor", "VoiceSDK.Editor.csproj", "{E2ABEDE8-AA47-2D75-6739-9F958165837A}"
EndProject
Project("{FAE04EC0-301F-11D3-BF4B-00C04F79EFBC}") = "Meta.WitAI.Lib.Editor", "Meta.WitAI.Lib.Editor.csproj", "{8F7FC5E6-CCD0-5C0A-A3D6-A1E6A829D147}"
EndProject
Project("{FAE04EC0-301F-11D3-BF4B-00C04F79EFBC}") = "Oculus.AudioManager", "Oculus.AudioManager.csproj", "{BA4E2CCD-A310-7399-7F0E-B79CBBE9C78D}"
EndProject
Project("{FAE04EC0-301F-11D3-BF4B-00C04F79EFBC}") = "Meta.Voice.Samples.BuiltInTimer", "Meta.Voice.Samples.BuiltInTimer.csproj", "{926D076F-05BC-2E12-9B22-BCED7E2A08AB}"
EndProject
Project("{FAE04EC0-301F-11D3-BF4B-00C04F79EFBC}") = "Meta.XR.BuildingBlocks.Editor", "Meta.XR.BuildingBlocks.Editor.csproj", "{3A20E615-E700-BD9B-D3E4-B6E682B86CFA}"
EndProject
Project("{FAE04EC0-301F-11D3-BF4B-00C04F79EFBC}") = "Meta.Voice.VSDKHub.Editor", "Meta.Voice.VSDKHub.Editor.csproj", "{A1BBD8EC-2D02-2680-9DB3-6097F9D84E30}"
EndProject
Project("{FAE04EC0-301F-11D3-BF4B-00C04F79EFBC}") = "VoiceSDK.Dictation.Runtime", "VoiceSDK.Dictation.Runtime.csproj", "{791239CF-E7DD-2E2E-9D5B-C636CCB39227}"
EndProject
Project("{FAE04EC0-301F-11D3-BF4B-00C04F79EFBC}") = "Meta.WitAi.TTS", "Meta.WitAi.TTS.csproj", "{347A0D03-3E62-4B61-B4B2-069B881E56C3}"
EndProject
Project("{FAE04EC0-301F-11D3-BF4B-00C04F79EFBC}") = "AssistantCoreSDKRuntime", "AssistantCoreSDKRuntime.csproj", "{B4C0DDF7-6592-4F4F-0657-7D970F2D377A}"
EndProject
Project("{FAE04EC0-301F-11D3-BF4B-00C04F79EFBC}") = "Assembly-CSharp-Editor", "Assembly-CSharp-Editor.csproj", "{EE0CB1DE-3750-10D8-9CA3-C49B8FB6F7E9}"
EndProject
Project("{FAE04EC0-301F-11D3-BF4B-00C04F79EFBC}") = "Meta.Voice.Samples.TTSVoices", "Meta.Voice.Samples.TTSVoices.csproj", "{D1077FA9-004C-11C0-BF02-6FEC4632C85A}"
EndProject
Project("{FAE04EC0-301F-11D3-BF4B-00C04F79EFBC}") = "VoiceSDK.Runtime", "VoiceSDK.Runtime.csproj", "{8B0D1D9C-E4DA-C87B-0940-4BFAB448553A}"
EndProject
Project("{FAE04EC0-301F-11D3-BF4B-00C04F79EFBC}") = "Oculus.VR.Scripts.Editor", "Oculus.VR.Scripts.Editor.csproj", "{791D8798-52A7-79B5-9827-4F6EF3144EB4}"
EndProject
Project("{FAE04EC0-301F-11D3-BF4B-00C04F79EFBC}") = "Meta.Voice.Samples.LightTraits", "Meta.Voice.Samples.LightTraits.csproj", "{02F5586D-E06E-C90C-4506-68922FEA048F}"
EndProject
Project("{FAE04EC0-301F-11D3-BF4B-00C04F79EFBC}") = "Meta.Voice.Hub.Editor", "Meta.Voice.Hub.Editor.csproj", "{346E501B-09FD-B354-DA78-DB00B87B2987}"
EndProject
Project("{FAE04EC0-301F-11D3-BF4B-00C04F79EFBC}") = "Oculus.Interaction.Samples.Editor", "Oculus.Interaction.Samples.Editor.csproj", "{0F7C3472-B7F4-DA2F-D9B2-90A183482847}"
EndProject
Project("{FAE04EC0-301F-11D3-BF4B-00C04F79EFBC}") = "Meta.WitAi.TTS.Editor", "Meta.WitAi.TTS.Editor.csproj", "{9067C6AF-40F1-638D-FCB2-D2C67F49E194}"
EndProject
Project("{FAE04EC0-301F-11D3-BF4B-00C04F79EFBC}") = "Meta.XR.BuildingBlocks", "Meta.XR.BuildingBlocks.csproj", "{E1218918-A749-6104-8AFE-878EAD4EF441}"
EndProject
Project("{FAE04EC0-301F-11D3-BF4B-00C04F79EFBC}") = "Oculus.Platform.Editor", "Oculus.Platform.Editor.csproj", "{C557D610-534E-D047-EA38-5AF8292155DF}"
EndProject
Project("{FAE04EC0-301F-11D3-BF4B-00C04F79EFBC}") = "Facebook.Wit.Dictation", "Facebook.Wit.Dictation.csproj", "{31AD48BA-92A3-D96A-8BB4-EF748F0B52C2}"
EndProject
Project("{FAE04EC0-301F-11D3-BF4B-00C04F79EFBC}") = "Oculus.Spatializer.Editor", "Oculus.Spatializer.Editor.csproj", "{1BA62DD1-BC65-2602-1BDE-4037776003D0}"
EndProject
Project("{FAE04EC0-301F-11D3-BF4B-00C04F79EFBC}") = "Oculus.LipSync.Editor", "Oculus.LipSync.Editor.csproj", "{EFCB822D-76FB-EEAE-0DAF-A5E4BA9CB712}"
EndProject
Project("{FAE04EC0-301F-11D3-BF4B-00C04F79EFBC}") = "Oculus.AudioManager.Utils.Editor", "Oculus.AudioManager.Utils.Editor.csproj", "{AACCD3F4-3F6A-D577-D594-E96C7D154BF7}"
EndProject
Project("{FAE04EC0-301F-11D3-BF4B-00C04F79EFBC}") = "Meta.VoiceSDK.Mic.Common", "Meta.VoiceSDK.Mic.Common.csproj", "{393F0C09-688E-E25B-FD9B-DC1F71D21D9C}"
EndProject
Project("{FAE04EC0-301F-11D3-BF4B-00C04F79EFBC}") = "Meta.Voice.Samples.ShapesConduit", "Meta.Voice.Samples.ShapesConduit.csproj", "{9C9FA86A-EC02-90A0-3A0B-8CAE6EACDFED}"
EndProject
Project("{FAE04EC0-301F-11D3-BF4B-00C04F79EFBC}") = "Oculus.Spatializer", "Oculus.Spatializer.csproj", "{CEB0FB89-061E-CB58-8B77-1B8146578143}"
EndProject
Project("{FAE04EC0-301F-11D3-BF4B-00C04F79EFBC}") = "Meta.VoiceSDK.Mic.Other", "Meta.VoiceSDK.Mic.Other.csproj", "{F52D661A-B89B-10A1-7833-71F567569B17}"
EndProject
Project("{FAE04EC0-301F-11D3-BF4B-00C04F79EFBC}") = "Oculus.Interaction.InterfaceSupport", "Oculus.Interaction.InterfaceSupport.csproj", "{232BA006-FE9A-CAFB-639E-C6EA1BF47B40}"
EndProject
Project("{FAE04EC0-301F-11D3-BF4B-00C04F79EFBC}") = "Oculus.AudioManager.Audio.Editor", "Oculus.AudioManager.Audio.Editor.csproj", "{34768977-8E50-AAD0-C245-E34BF4E6D717}"
EndProject
Project("{FAE04EC0-301F-11D3-BF4B-00C04F79EFBC}") = "Meta.Voice.Samples.LiveUnderstanding", "Meta.Voice.Samples.LiveUnderstanding.csproj", "{D413323A-DC60-1935-CB3E-801F79FEF088}"
EndProject
Project("{FAE04EC0-301F-11D3-BF4B-00C04F79EFBC}") = "VoiceSDK.Dictation.Editor", "VoiceSDK.Dictation.Editor.csproj", "{1A656CB1-50E6-3832-968C-73C88E5D69AD}"
EndProject
Project("{FAE04EC0-301F-11D3-BF4B-00C04F79EFBC}") = "AssistantCoreSDKEditor", "AssistantCoreSDKEditor.csproj", "{06ABB77C-06D4-CC16-333C-43ED70C584DF}"
EndProject
Project("{FAE04EC0-301F-11D3-BF4B-00C04F79EFBC}") = "Meta.VoiceSDK.Mic.WebGL", "Meta.VoiceSDK.Mic.WebGL.csproj", "{1337275A-40F7-A8B2-8726-743168BF024A}"
EndProject
Project("{FAE04EC0-301F-11D3-BF4B-00C04F79EFBC}") = "Meta.Voice.Hub.Runtime", "Meta.Voice.Hub.Runtime.csproj", "{23FFA211-32E8-95AA-F9B6-7207713C58C8}"
EndProject
Project("{FAE04EC0-301F-11D3-BF4B-00C04F79EFBC}") = "Meta.Voice.Samples.Chess", "Meta.Voice.Samples.Chess.csproj", "{F9CBF7A6-4EEA-52A6-0ADD-473055C8B23D}"
EndProject
Project("{FAE04EC0-301F-11D3-BF4B-00C04F79EFBC}") = "Meta.Voice.Samples.Dictation", "Meta.Voice.Samples.Dictation.csproj", "{4236E97D-EA17-027C-F80C-FB8DB0DA8B19}"
EndProject
Project("{FAE04EC0-301F-11D3-BF4B-00C04F79EFBC}") = "Meta.Voice.Samples.Shapes", "Meta.Voice.Samples.Shapes.csproj", "{BB70833B-2F15-2352-F6CA-66561ED9E25D}"
EndProject
Project("{FAE04EC0-301F-11D3-BF4B-00C04F79EFBC}") = "Facebook.Wit.Dictation.Editor", "Facebook.Wit.Dictation.Editor.csproj", "{A8DC81B9-3F42-6B8B-DCB3-26F3BD69750D}"
EndProject
Global
	GlobalSection(SolutionConfigurationPlatforms) = preSolution
		Debug|Any CPU = Debug|Any CPU
		Release|Any CPU = Release|Any CPU
	EndGlobalSection
	GlobalSection(ProjectConfigurationPlatforms) = postSolution
		{154E895B-CD56-AAED-84DB-D1F612F6F395}.Debug|Any CPU.ActiveCfg = Debug|Any CPU
		{154E895B-CD56-AAED-84DB-D1F612F6F395}.Debug|Any CPU.Build.0 = Debug|Any CPU
		{154E895B-CD56-AAED-84DB-D1F612F6F395}.Release|Any CPU.ActiveCfg = Release|Any CPU
		{154E895B-CD56-AAED-84DB-D1F612F6F395}.Release|Any CPU.Build.0 = Release|Any CPU
		{AC8E46A4-1C30-E157-3842-2837BA13DAAB}.Debug|Any CPU.ActiveCfg = Debug|Any CPU
		{AC8E46A4-1C30-E157-3842-2837BA13DAAB}.Debug|Any CPU.Build.0 = Debug|Any CPU
		{AC8E46A4-1C30-E157-3842-2837BA13DAAB}.Release|Any CPU.ActiveCfg = Release|Any CPU
		{AC8E46A4-1C30-E157-3842-2837BA13DAAB}.Release|Any CPU.Build.0 = Release|Any CPU
		{A2E89B70-9584-F9E8-79A7-E2FCCFB50767}.Debug|Any CPU.ActiveCfg = Debug|Any CPU
		{A2E89B70-9584-F9E8-79A7-E2FCCFB50767}.Debug|Any CPU.Build.0 = Debug|Any CPU
		{A2E89B70-9584-F9E8-79A7-E2FCCFB50767}.Release|Any CPU.ActiveCfg = Release|Any CPU
		{A2E89B70-9584-F9E8-79A7-E2FCCFB50767}.Release|Any CPU.Build.0 = Release|Any CPU
		{35837536-D21E-FCF2-C881-193AAF3D30C9}.Debug|Any CPU.ActiveCfg = Debug|Any CPU
		{35837536-D21E-FCF2-C881-193AAF3D30C9}.Debug|Any CPU.Build.0 = Debug|Any CPU
		{35837536-D21E-FCF2-C881-193AAF3D30C9}.Release|Any CPU.ActiveCfg = Release|Any CPU
		{35837536-D21E-FCF2-C881-193AAF3D30C9}.Release|Any CPU.Build.0 = Release|Any CPU
		{CC05AE2B-466B-B0E3-0BE1-17FB7E776A0C}.Debug|Any CPU.ActiveCfg = Debug|Any CPU
		{CC05AE2B-466B-B0E3-0BE1-17FB7E776A0C}.Debug|Any CPU.Build.0 = Debug|Any CPU
		{CC05AE2B-466B-B0E3-0BE1-17FB7E776A0C}.Release|Any CPU.ActiveCfg = Release|Any CPU
		{CC05AE2B-466B-B0E3-0BE1-17FB7E776A0C}.Release|Any CPU.Build.0 = Release|Any CPU
		{6EA09273-6BD7-88B3-F955-245427040EDE}.Debug|Any CPU.ActiveCfg = Debug|Any CPU
		{6EA09273-6BD7-88B3-F955-245427040EDE}.Debug|Any CPU.Build.0 = Debug|Any CPU
		{6EA09273-6BD7-88B3-F955-245427040EDE}.Release|Any CPU.ActiveCfg = Release|Any CPU
		{6EA09273-6BD7-88B3-F955-245427040EDE}.Release|Any CPU.Build.0 = Release|Any CPU
		{76FDB378-CD05-7D96-D55F-171234A471E5}.Debug|Any CPU.ActiveCfg = Debug|Any CPU
		{76FDB378-CD05-7D96-D55F-171234A471E5}.Debug|Any CPU.Build.0 = Debug|Any CPU
		{76FDB378-CD05-7D96-D55F-171234A471E5}.Release|Any CPU.ActiveCfg = Release|Any CPU
		{76FDB378-CD05-7D96-D55F-171234A471E5}.Release|Any CPU.Build.0 = Release|Any CPU
		{E038E5D8-69A4-AA77-0EF5-3B6578C4A897}.Debug|Any CPU.ActiveCfg = Debug|Any CPU
		{E038E5D8-69A4-AA77-0EF5-3B6578C4A897}.Debug|Any CPU.Build.0 = Debug|Any CPU
		{E038E5D8-69A4-AA77-0EF5-3B6578C4A897}.Release|Any CPU.ActiveCfg = Release|Any CPU
		{E038E5D8-69A4-AA77-0EF5-3B6578C4A897}.Release|Any CPU.Build.0 = Release|Any CPU
		{87177928-6527-CA4A-CAAC-D32A755E704D}.Debug|Any CPU.ActiveCfg = Debug|Any CPU
		{87177928-6527-CA4A-CAAC-D32A755E704D}.Debug|Any CPU.Build.0 = Debug|Any CPU
		{87177928-6527-CA4A-CAAC-D32A755E704D}.Release|Any CPU.ActiveCfg = Release|Any CPU
		{87177928-6527-CA4A-CAAC-D32A755E704D}.Release|Any CPU.Build.0 = Release|Any CPU
		{1F9C4BEC-A588-D9B9-B4ED-817707364C3D}.Debug|Any CPU.ActiveCfg = Debug|Any CPU
		{1F9C4BEC-A588-D9B9-B4ED-817707364C3D}.Debug|Any CPU.Build.0 = Debug|Any CPU
		{1F9C4BEC-A588-D9B9-B4ED-817707364C3D}.Release|Any CPU.ActiveCfg = Release|Any CPU
		{1F9C4BEC-A588-D9B9-B4ED-817707364C3D}.Release|Any CPU.Build.0 = Release|Any CPU
		{DB1AA8E1-F98A-66E4-D811-E5349AE31A19}.Debug|Any CPU.ActiveCfg = Debug|Any CPU
		{DB1AA8E1-F98A-66E4-D811-E5349AE31A19}.Debug|Any CPU.Build.0 = Debug|Any CPU
		{DB1AA8E1-F98A-66E4-D811-E5349AE31A19}.Release|Any CPU.ActiveCfg = Release|Any CPU
		{DB1AA8E1-F98A-66E4-D811-E5349AE31A19}.Release|Any CPU.Build.0 = Release|Any CPU
		{DD5C9AFD-D916-81D0-52F6-8493432738E5}.Debug|Any CPU.ActiveCfg = Debug|Any CPU
		{DD5C9AFD-D916-81D0-52F6-8493432738E5}.Debug|Any CPU.Build.0 = Debug|Any CPU
		{DD5C9AFD-D916-81D0-52F6-8493432738E5}.Release|Any CPU.ActiveCfg = Release|Any CPU
		{DD5C9AFD-D916-81D0-52F6-8493432738E5}.Release|Any CPU.Build.0 = Release|Any CPU
		{AF7B3F80-ED03-0C8E-A8B3-90BAE1718BE4}.Debug|Any CPU.ActiveCfg = Debug|Any CPU
		{AF7B3F80-ED03-0C8E-A8B3-90BAE1718BE4}.Debug|Any CPU.Build.0 = Debug|Any CPU
		{AF7B3F80-ED03-0C8E-A8B3-90BAE1718BE4}.Release|Any CPU.ActiveCfg = Release|Any CPU
		{AF7B3F80-ED03-0C8E-A8B3-90BAE1718BE4}.Release|Any CPU.Build.0 = Release|Any CPU
		{8C6F6891-B8AB-674B-DF3F-07F7897EACCD}.Debug|Any CPU.ActiveCfg = Debug|Any CPU
		{8C6F6891-B8AB-674B-DF3F-07F7897EACCD}.Debug|Any CPU.Build.0 = Debug|Any CPU
		{8C6F6891-B8AB-674B-DF3F-07F7897EACCD}.Release|Any CPU.ActiveCfg = Release|Any CPU
		{8C6F6891-B8AB-674B-DF3F-07F7897EACCD}.Release|Any CPU.Build.0 = Release|Any CPU
		{55F97683-83A7-AEAF-2F40-1CAD20D8FBEE}.Debug|Any CPU.ActiveCfg = Debug|Any CPU
		{55F97683-83A7-AEAF-2F40-1CAD20D8FBEE}.Debug|Any CPU.Build.0 = Debug|Any CPU
		{55F97683-83A7-AEAF-2F40-1CAD20D8FBEE}.Release|Any CPU.ActiveCfg = Release|Any CPU
		{55F97683-83A7-AEAF-2F40-1CAD20D8FBEE}.Release|Any CPU.Build.0 = Release|Any CPU
		{59A6FCCA-0316-C298-F8BD-F710799CED28}.Debug|Any CPU.ActiveCfg = Debug|Any CPU
		{59A6FCCA-0316-C298-F8BD-F710799CED28}.Debug|Any CPU.Build.0 = Debug|Any CPU
		{59A6FCCA-0316-C298-F8BD-F710799CED28}.Release|Any CPU.ActiveCfg = Release|Any CPU
		{59A6FCCA-0316-C298-F8BD-F710799CED28}.Release|Any CPU.Build.0 = Release|Any CPU
		{E2ABEDE8-AA47-2D75-6739-9F958165837A}.Debug|Any CPU.ActiveCfg = Debug|Any CPU
		{E2ABEDE8-AA47-2D75-6739-9F958165837A}.Debug|Any CPU.Build.0 = Debug|Any CPU
		{E2ABEDE8-AA47-2D75-6739-9F958165837A}.Release|Any CPU.ActiveCfg = Release|Any CPU
		{E2ABEDE8-AA47-2D75-6739-9F958165837A}.Release|Any CPU.Build.0 = Release|Any CPU
		{8F7FC5E6-CCD0-5C0A-A3D6-A1E6A829D147}.Debug|Any CPU.ActiveCfg = Debug|Any CPU
		{8F7FC5E6-CCD0-5C0A-A3D6-A1E6A829D147}.Debug|Any CPU.Build.0 = Debug|Any CPU
		{8F7FC5E6-CCD0-5C0A-A3D6-A1E6A829D147}.Release|Any CPU.ActiveCfg = Release|Any CPU
		{8F7FC5E6-CCD0-5C0A-A3D6-A1E6A829D147}.Release|Any CPU.Build.0 = Release|Any CPU
		{BA4E2CCD-A310-7399-7F0E-B79CBBE9C78D}.Debug|Any CPU.ActiveCfg = Debug|Any CPU
		{BA4E2CCD-A310-7399-7F0E-B79CBBE9C78D}.Debug|Any CPU.Build.0 = Debug|Any CPU
		{BA4E2CCD-A310-7399-7F0E-B79CBBE9C78D}.Release|Any CPU.ActiveCfg = Release|Any CPU
		{BA4E2CCD-A310-7399-7F0E-B79CBBE9C78D}.Release|Any CPU.Build.0 = Release|Any CPU
		{926D076F-05BC-2E12-9B22-BCED7E2A08AB}.Debug|Any CPU.ActiveCfg = Debug|Any CPU
		{926D076F-05BC-2E12-9B22-BCED7E2A08AB}.Debug|Any CPU.Build.0 = Debug|Any CPU
		{926D076F-05BC-2E12-9B22-BCED7E2A08AB}.Release|Any CPU.ActiveCfg = Release|Any CPU
		{926D076F-05BC-2E12-9B22-BCED7E2A08AB}.Release|Any CPU.Build.0 = Release|Any CPU
		{3A20E615-E700-BD9B-D3E4-B6E682B86CFA}.Debug|Any CPU.ActiveCfg = Debug|Any CPU
		{3A20E615-E700-BD9B-D3E4-B6E682B86CFA}.Debug|Any CPU.Build.0 = Debug|Any CPU
		{3A20E615-E700-BD9B-D3E4-B6E682B86CFA}.Release|Any CPU.ActiveCfg = Release|Any CPU
		{3A20E615-E700-BD9B-D3E4-B6E682B86CFA}.Release|Any CPU.Build.0 = Release|Any CPU
		{A1BBD8EC-2D02-2680-9DB3-6097F9D84E30}.Debug|Any CPU.ActiveCfg = Debug|Any CPU
		{A1BBD8EC-2D02-2680-9DB3-6097F9D84E30}.Debug|Any CPU.Build.0 = Debug|Any CPU
		{A1BBD8EC-2D02-2680-9DB3-6097F9D84E30}.Release|Any CPU.ActiveCfg = Release|Any CPU
		{A1BBD8EC-2D02-2680-9DB3-6097F9D84E30}.Release|Any CPU.Build.0 = Release|Any CPU
		{791239CF-E7DD-2E2E-9D5B-C636CCB39227}.Debug|Any CPU.ActiveCfg = Debug|Any CPU
		{791239CF-E7DD-2E2E-9D5B-C636CCB39227}.Debug|Any CPU.Build.0 = Debug|Any CPU
		{791239CF-E7DD-2E2E-9D5B-C636CCB39227}.Release|Any CPU.ActiveCfg = Release|Any CPU
		{791239CF-E7DD-2E2E-9D5B-C636CCB39227}.Release|Any CPU.Build.0 = Release|Any CPU
		{347A0D03-3E62-4B61-B4B2-069B881E56C3}.Debug|Any CPU.ActiveCfg = Debug|Any CPU
		{347A0D03-3E62-4B61-B4B2-069B881E56C3}.Debug|Any CPU.Build.0 = Debug|Any CPU
		{347A0D03-3E62-4B61-B4B2-069B881E56C3}.Release|Any CPU.ActiveCfg = Release|Any CPU
		{347A0D03-3E62-4B61-B4B2-069B881E56C3}.Release|Any CPU.Build.0 = Release|Any CPU
		{B4C0DDF7-6592-4F4F-0657-7D970F2D377A}.Debug|Any CPU.ActiveCfg = Debug|Any CPU
		{B4C0DDF7-6592-4F4F-0657-7D970F2D377A}.Debug|Any CPU.Build.0 = Debug|Any CPU
		{B4C0DDF7-6592-4F4F-0657-7D970F2D377A}.Release|Any CPU.ActiveCfg = Release|Any CPU
		{B4C0DDF7-6592-4F4F-0657-7D970F2D377A}.Release|Any CPU.Build.0 = Release|Any CPU
		{EE0CB1DE-3750-10D8-9CA3-C49B8FB6F7E9}.Debug|Any CPU.ActiveCfg = Debug|Any CPU
		{EE0CB1DE-3750-10D8-9CA3-C49B8FB6F7E9}.Debug|Any CPU.Build.0 = Debug|Any CPU
		{EE0CB1DE-3750-10D8-9CA3-C49B8FB6F7E9}.Release|Any CPU.ActiveCfg = Release|Any CPU
		{EE0CB1DE-3750-10D8-9CA3-C49B8FB6F7E9}.Release|Any CPU.Build.0 = Release|Any CPU
		{D1077FA9-004C-11C0-BF02-6FEC4632C85A}.Debug|Any CPU.ActiveCfg = Debug|Any CPU
		{D1077FA9-004C-11C0-BF02-6FEC4632C85A}.Debug|Any CPU.Build.0 = Debug|Any CPU
		{D1077FA9-004C-11C0-BF02-6FEC4632C85A}.Release|Any CPU.ActiveCfg = Release|Any CPU
		{D1077FA9-004C-11C0-BF02-6FEC4632C85A}.Release|Any CPU.Build.0 = Release|Any CPU
		{8B0D1D9C-E4DA-C87B-0940-4BFAB448553A}.Debug|Any CPU.ActiveCfg = Debug|Any CPU
		{8B0D1D9C-E4DA-C87B-0940-4BFAB448553A}.Debug|Any CPU.Build.0 = Debug|Any CPU
		{8B0D1D9C-E4DA-C87B-0940-4BFAB448553A}.Release|Any CPU.ActiveCfg = Release|Any CPU
		{8B0D1D9C-E4DA-C87B-0940-4BFAB448553A}.Release|Any CPU.Build.0 = Release|Any CPU
		{791D8798-52A7-79B5-9827-4F6EF3144EB4}.Debug|Any CPU.ActiveCfg = Debug|Any CPU
		{791D8798-52A7-79B5-9827-4F6EF3144EB4}.Debug|Any CPU.Build.0 = Debug|Any CPU
		{791D8798-52A7-79B5-9827-4F6EF3144EB4}.Release|Any CPU.ActiveCfg = Release|Any CPU
		{791D8798-52A7-79B5-9827-4F6EF3144EB4}.Release|Any CPU.Build.0 = Release|Any CPU
		{02F5586D-E06E-C90C-4506-68922FEA048F}.Debug|Any CPU.ActiveCfg = Debug|Any CPU
		{02F5586D-E06E-C90C-4506-68922FEA048F}.Debug|Any CPU.Build.0 = Debug|Any CPU
		{02F5586D-E06E-C90C-4506-68922FEA048F}.Release|Any CPU.ActiveCfg = Release|Any CPU
		{02F5586D-E06E-C90C-4506-68922FEA048F}.Release|Any CPU.Build.0 = Release|Any CPU
		{346E501B-09FD-B354-DA78-DB00B87B2987}.Debug|Any CPU.ActiveCfg = Debug|Any CPU
		{346E501B-09FD-B354-DA78-DB00B87B2987}.Debug|Any CPU.Build.0 = Debug|Any CPU
		{346E501B-09FD-B354-DA78-DB00B87B2987}.Release|Any CPU.ActiveCfg = Release|Any CPU
		{346E501B-09FD-B354-DA78-DB00B87B2987}.Release|Any CPU.Build.0 = Release|Any CPU
		{0F7C3472-B7F4-DA2F-D9B2-90A183482847}.Debug|Any CPU.ActiveCfg = Debug|Any CPU
		{0F7C3472-B7F4-DA2F-D9B2-90A183482847}.Debug|Any CPU.Build.0 = Debug|Any CPU
		{0F7C3472-B7F4-DA2F-D9B2-90A183482847}.Release|Any CPU.ActiveCfg = Release|Any CPU
		{0F7C3472-B7F4-DA2F-D9B2-90A183482847}.Release|Any CPU.Build.0 = Release|Any CPU
		{9067C6AF-40F1-638D-FCB2-D2C67F49E194}.Debug|Any CPU.ActiveCfg = Debug|Any CPU
		{9067C6AF-40F1-638D-FCB2-D2C67F49E194}.Debug|Any CPU.Build.0 = Debug|Any CPU
		{9067C6AF-40F1-638D-FCB2-D2C67F49E194}.Release|Any CPU.ActiveCfg = Release|Any CPU
		{9067C6AF-40F1-638D-FCB2-D2C67F49E194}.Release|Any CPU.Build.0 = Release|Any CPU
		{E1218918-A749-6104-8AFE-878EAD4EF441}.Debug|Any CPU.ActiveCfg = Debug|Any CPU
		{E1218918-A749-6104-8AFE-878EAD4EF441}.Debug|Any CPU.Build.0 = Debug|Any CPU
		{E1218918-A749-6104-8AFE-878EAD4EF441}.Release|Any CPU.ActiveCfg = Release|Any CPU
		{E1218918-A749-6104-8AFE-878EAD4EF441}.Release|Any CPU.Build.0 = Release|Any CPU
		{C557D610-534E-D047-EA38-5AF8292155DF}.Debug|Any CPU.ActiveCfg = Debug|Any CPU
		{C557D610-534E-D047-EA38-5AF8292155DF}.Debug|Any CPU.Build.0 = Debug|Any CPU
		{C557D610-534E-D047-EA38-5AF8292155DF}.Release|Any CPU.ActiveCfg = Release|Any CPU
		{C557D610-534E-D047-EA38-5AF8292155DF}.Release|Any CPU.Build.0 = Release|Any CPU
		{31AD48BA-92A3-D96A-8BB4-EF748F0B52C2}.Debug|Any CPU.ActiveCfg = Debug|Any CPU
		{31AD48BA-92A3-D96A-8BB4-EF748F0B52C2}.Debug|Any CPU.Build.0 = Debug|Any CPU
		{31AD48BA-92A3-D96A-8BB4-EF748F0B52C2}.Release|Any CPU.ActiveCfg = Release|Any CPU
		{31AD48BA-92A3-D96A-8BB4-EF748F0B52C2}.Release|Any CPU.Build.0 = Release|Any CPU
		{1BA62DD1-BC65-2602-1BDE-4037776003D0}.Debug|Any CPU.ActiveCfg = Debug|Any CPU
		{1BA62DD1-BC65-2602-1BDE-4037776003D0}.Debug|Any CPU.Build.0 = Debug|Any CPU
		{1BA62DD1-BC65-2602-1BDE-4037776003D0}.Release|Any CPU.ActiveCfg = Release|Any CPU
		{1BA62DD1-BC65-2602-1BDE-4037776003D0}.Release|Any CPU.Build.0 = Release|Any CPU
		{EFCB822D-76FB-EEAE-0DAF-A5E4BA9CB712}.Debug|Any CPU.ActiveCfg = Debug|Any CPU
		{EFCB822D-76FB-EEAE-0DAF-A5E4BA9CB712}.Debug|Any CPU.Build.0 = Debug|Any CPU
		{EFCB822D-76FB-EEAE-0DAF-A5E4BA9CB712}.Release|Any CPU.ActiveCfg = Release|Any CPU
		{EFCB822D-76FB-EEAE-0DAF-A5E4BA9CB712}.Release|Any CPU.Build.0 = Release|Any CPU
		{AACCD3F4-3F6A-D577-D594-E96C7D154BF7}.Debug|Any CPU.ActiveCfg = Debug|Any CPU
		{AACCD3F4-3F6A-D577-D594-E96C7D154BF7}.Debug|Any CPU.Build.0 = Debug|Any CPU
		{AACCD3F4-3F6A-D577-D594-E96C7D154BF7}.Release|Any CPU.ActiveCfg = Release|Any CPU
		{AACCD3F4-3F6A-D577-D594-E96C7D154BF7}.Release|Any CPU.Build.0 = Release|Any CPU
		{393F0C09-688E-E25B-FD9B-DC1F71D21D9C}.Debug|Any CPU.ActiveCfg = Debug|Any CPU
		{393F0C09-688E-E25B-FD9B-DC1F71D21D9C}.Debug|Any CPU.Build.0 = Debug|Any CPU
		{393F0C09-688E-E25B-FD9B-DC1F71D21D9C}.Release|Any CPU.ActiveCfg = Release|Any CPU
		{393F0C09-688E-E25B-FD9B-DC1F71D21D9C}.Release|Any CPU.Build.0 = Release|Any CPU
		{9C9FA86A-EC02-90A0-3A0B-8CAE6EACDFED}.Debug|Any CPU.ActiveCfg = Debug|Any CPU
		{9C9FA86A-EC02-90A0-3A0B-8CAE6EACDFED}.Debug|Any CPU.Build.0 = Debug|Any CPU
		{9C9FA86A-EC02-90A0-3A0B-8CAE6EACDFED}.Release|Any CPU.ActiveCfg = Release|Any CPU
		{9C9FA86A-EC02-90A0-3A0B-8CAE6EACDFED}.Release|Any CPU.Build.0 = Release|Any CPU
		{CEB0FB89-061E-CB58-8B77-1B8146578143}.Debug|Any CPU.ActiveCfg = Debug|Any CPU
		{CEB0FB89-061E-CB58-8B77-1B8146578143}.Debug|Any CPU.Build.0 = Debug|Any CPU
		{CEB0FB89-061E-CB58-8B77-1B8146578143}.Release|Any CPU.ActiveCfg = Release|Any CPU
		{CEB0FB89-061E-CB58-8B77-1B8146578143}.Release|Any CPU.Build.0 = Release|Any CPU
		{F52D661A-B89B-10A1-7833-71F567569B17}.Debug|Any CPU.ActiveCfg = Debug|Any CPU
		{F52D661A-B89B-10A1-7833-71F567569B17}.Debug|Any CPU.Build.0 = Debug|Any CPU
		{F52D661A-B89B-10A1-7833-71F567569B17}.Release|Any CPU.ActiveCfg = Release|Any CPU
		{F52D661A-B89B-10A1-7833-71F567569B17}.Release|Any CPU.Build.0 = Release|Any CPU
		{232BA006-FE9A-CAFB-639E-C6EA1BF47B40}.Debug|Any CPU.ActiveCfg = Debug|Any CPU
		{232BA006-FE9A-CAFB-639E-C6EA1BF47B40}.Debug|Any CPU.Build.0 = Debug|Any CPU
		{232BA006-FE9A-CAFB-639E-C6EA1BF47B40}.Release|Any CPU.ActiveCfg = Release|Any CPU
		{232BA006-FE9A-CAFB-639E-C6EA1BF47B40}.Release|Any CPU.Build.0 = Release|Any CPU
		{34768977-8E50-AAD0-C245-E34BF4E6D717}.Debug|Any CPU.ActiveCfg = Debug|Any CPU
		{34768977-8E50-AAD0-C245-E34BF4E6D717}.Debug|Any CPU.Build.0 = Debug|Any CPU
		{34768977-8E50-AAD0-C245-E34BF4E6D717}.Release|Any CPU.ActiveCfg = Release|Any CPU
		{34768977-8E50-AAD0-C245-E34BF4E6D717}.Release|Any CPU.Build.0 = Release|Any CPU
		{D413323A-DC60-1935-CB3E-801F79FEF088}.Debug|Any CPU.ActiveCfg = Debug|Any CPU
		{D413323A-DC60-1935-CB3E-801F79FEF088}.Debug|Any CPU.Build.0 = Debug|Any CPU
		{D413323A-DC60-1935-CB3E-801F79FEF088}.Release|Any CPU.ActiveCfg = Release|Any CPU
		{D413323A-DC60-1935-CB3E-801F79FEF088}.Release|Any CPU.Build.0 = Release|Any CPU
		{1A656CB1-50E6-3832-968C-73C88E5D69AD}.Debug|Any CPU.ActiveCfg = Debug|Any CPU
		{1A656CB1-50E6-3832-968C-73C88E5D69AD}.Debug|Any CPU.Build.0 = Debug|Any CPU
		{1A656CB1-50E6-3832-968C-73C88E5D69AD}.Release|Any CPU.ActiveCfg = Release|Any CPU
		{1A656CB1-50E6-3832-968C-73C88E5D69AD}.Release|Any CPU.Build.0 = Release|Any CPU
		{06ABB77C-06D4-CC16-333C-43ED70C584DF}.Debug|Any CPU.ActiveCfg = Debug|Any CPU
		{06ABB77C-06D4-CC16-333C-43ED70C584DF}.Debug|Any CPU.Build.0 = Debug|Any CPU
		{06ABB77C-06D4-CC16-333C-43ED70C584DF}.Release|Any CPU.ActiveCfg = Release|Any CPU
		{06ABB77C-06D4-CC16-333C-43ED70C584DF}.Release|Any CPU.Build.0 = Release|Any CPU
		{1337275A-40F7-A8B2-8726-743168BF024A}.Debug|Any CPU.ActiveCfg = Debug|Any CPU
		{1337275A-40F7-A8B2-8726-743168BF024A}.Debug|Any CPU.Build.0 = Debug|Any CPU
		{1337275A-40F7-A8B2-8726-743168BF024A}.Release|Any CPU.ActiveCfg = Release|Any CPU
		{1337275A-40F7-A8B2-8726-743168BF024A}.Release|Any CPU.Build.0 = Release|Any CPU
		{23FFA211-32E8-95AA-F9B6-7207713C58C8}.Debug|Any CPU.ActiveCfg = Debug|Any CPU
		{23FFA211-32E8-95AA-F9B6-7207713C58C8}.Debug|Any CPU.Build.0 = Debug|Any CPU
		{23FFA211-32E8-95AA-F9B6-7207713C58C8}.Release|Any CPU.ActiveCfg = Release|Any CPU
		{23FFA211-32E8-95AA-F9B6-7207713C58C8}.Release|Any CPU.Build.0 = Release|Any CPU
		{F9CBF7A6-4EEA-52A6-0ADD-473055C8B23D}.Debug|Any CPU.ActiveCfg = Debug|Any CPU
		{F9CBF7A6-4EEA-52A6-0ADD-473055C8B23D}.Debug|Any CPU.Build.0 = Debug|Any CPU
		{F9CBF7A6-4EEA-52A6-0ADD-473055C8B23D}.Release|Any CPU.ActiveCfg = Release|Any CPU
		{F9CBF7A6-4EEA-52A6-0ADD-473055C8B23D}.Release|Any CPU.Build.0 = Release|Any CPU
		{4236E97D-EA17-027C-F80C-FB8DB0DA8B19}.Debug|Any CPU.ActiveCfg = Debug|Any CPU
		{4236E97D-EA17-027C-F80C-FB8DB0DA8B19}.Debug|Any CPU.Build.0 = Debug|Any CPU
		{4236E97D-EA17-027C-F80C-FB8DB0DA8B19}.Release|Any CPU.ActiveCfg = Release|Any CPU
		{4236E97D-EA17-027C-F80C-FB8DB0DA8B19}.Release|Any CPU.Build.0 = Release|Any CPU
		{BB70833B-2F15-2352-F6CA-66561ED9E25D}.Debug|Any CPU.ActiveCfg = Debug|Any CPU
		{BB70833B-2F15-2352-F6CA-66561ED9E25D}.Debug|Any CPU.Build.0 = Debug|Any CPU
		{BB70833B-2F15-2352-F6CA-66561ED9E25D}.Release|Any CPU.ActiveCfg = Release|Any CPU
		{BB70833B-2F15-2352-F6CA-66561ED9E25D}.Release|Any CPU.Build.0 = Release|Any CPU
		{A8DC81B9-3F42-6B8B-DCB3-26F3BD69750D}.Debug|Any CPU.ActiveCfg = Debug|Any CPU
		{A8DC81B9-3F42-6B8B-DCB3-26F3BD69750D}.Debug|Any CPU.Build.0 = Debug|Any CPU
		{A8DC81B9-3F42-6B8B-DCB3-26F3BD69750D}.Release|Any CPU.ActiveCfg = Release|Any CPU
		{A8DC81B9-3F42-6B8B-DCB3-26F3BD69750D}.Release|Any CPU.Build.0 = Release|Any CPU
	EndGlobalSection
	GlobalSection(SolutionProperties) = preSolution
		HideSolutionNode = FALSE
	EndGlobalSection
EndGlobal
